
Microsoft Visual Studio Solution File, Format Version 12.00
# Visual Studio Version 16
VisualStudioVersion = 16.0.29709.97
MinimumVisualStudioVersion = 10.0.40219.1
Project("{FAE04EC0-301F-11D3-BF4B-00C04F79EFBC}") = "API", "API\API.csproj", "{DA980CE1-A6E0-4C05-BF2D-FC7CDE89E159}"
EndProject
Global
	GlobalSection(SolutionConfigurationPlatforms) = preSolution
		Debug|Any CPU = Debug|Any CPU
		Release|Any CPU = Release|Any CPU
	EndGlobalSection
	GlobalSection(ProjectConfigurationPlatforms) = postSolution
		{DA980CE1-A6E0-4C05-BF2D-FC7CDE89E159}.Debug|Any CPU.ActiveCfg = Debug|Any CPU
		{DA980CE1-A6E0-4C05-BF2D-FC7CDE89E159}.Debug|Any CPU.Build.0 = Debug|Any CPU
		{DA980CE1-A6E0-4C05-BF2D-FC7CDE89E159}.Release|Any CPU.ActiveCfg = Release|Any CPU
		{DA980CE1-A6E0-4C05-BF2D-FC7CDE89E159}.Release|Any CPU.Build.0 = Release|Any CPU
	EndGlobalSection
	GlobalSection(SolutionProperties) = preSolution
		HideSolutionNode = FALSE
	EndGlobalSection
	GlobalSection(ExtensibilityGlobals) = postSolution
		SolutionGuid = {439C6FD8-FE68-4ED5-B658-5330424F6A6C}
	EndGlobalSection
EndGlobal
